
Microsoft Visual Studio Solution File, Format Version 12.00
# Visual Studio Version 16
VisualStudioVersion = 16.0.31129.286
MinimumVisualStudioVersion = 10.0.40219.1
Project("{9A19103F-16F7-4668-BE54-9A1E7A4F7556}") = "FileAPI", "FileAPI\FileAPI.csproj", "{20AB97EE-E4D7-4EDB-BC63-F80FF46B32E1}"
EndProject
Project("{FAE04EC0-301F-11D3-BF4B-00C04F79EFBC}") = "Test.FileApi", "Test.FileApi\Test.FileApi.csproj", "{3456FE27-88A7-4D6E-9FCD-4D5B9D43A5A0}"
EndProject
Global
	GlobalSection(SolutionConfigurationPlatforms) = preSolution
		Debug|Any CPU = Debug|Any CPU
		Release|Any CPU = Release|Any CPU
	EndGlobalSection
	GlobalSection(ProjectConfigurationPlatforms) = postSolution
		{20AB97EE-E4D7-4EDB-BC63-F80FF46B32E1}.Debug|Any CPU.ActiveCfg = Debug|Any CPU
		{20AB97EE-E4D7-4EDB-BC63-F80FF46B32E1}.Debug|Any CPU.Build.0 = Debug|Any CPU
		{20AB97EE-E4D7-4EDB-BC63-F80FF46B32E1}.Release|Any CPU.ActiveCfg = Release|Any CPU
		{20AB97EE-E4D7-4EDB-BC63-F80FF46B32E1}.Release|Any CPU.Build.0 = Release|Any CPU
		{3456FE27-88A7-4D6E-9FCD-4D5B9D43A5A0}.Debug|Any CPU.ActiveCfg = Debug|Any CPU
		{3456FE27-88A7-4D6E-9FCD-4D5B9D43A5A0}.Debug|Any CPU.Build.0 = Debug|Any CPU
		{3456FE27-88A7-4D6E-9FCD-4D5B9D43A5A0}.Release|Any CPU.ActiveCfg = Release|Any CPU
		{3456FE27-88A7-4D6E-9FCD-4D5B9D43A5A0}.Release|Any CPU.Build.0 = Release|Any CPU
	EndGlobalSection
	GlobalSection(SolutionProperties) = preSolution
		HideSolutionNode = FALSE
	EndGlobalSection
	GlobalSection(ExtensibilityGlobals) = postSolution
		SolutionGuid = {372E48CA-8E38-4118-892F-3C78D89CD9BE}
	EndGlobalSection
EndGlobal
